lockfileVersion: '6.0'

settings:
  autoInstallPeers: true
  excludeLinksFromLockfile: false

dependencies:
  hono:
    specifier: ^3.7.0
    version: 3.7.0

packages:

  /hono@3.7.0:
    resolution: {integrity: sha512-tqhUslEbdAyWCU1a2jeoytwdmS971eIoB3IklTZRVQz+SjSyOQixrkp5CVw7chYwanYE3UMEyr/uAR2HOuMdhw==}
    engines: {node: '>=16.0.0'}
    dev: false
